
Microsoft Visual Studio Solution File, Format Version 12.00
# Visual Studio Version 16
VisualStudioVersion = 16.0.31105.61
MinimumVisualStudioVersion = 10.0.40219.1
Project("{2150E333-8FDC-42A3-9474-1A3956D46DE8}") = "src", "src", "{561AA08E-100F-48DB-A9AE-62CBE5C8C8E9}"
EndProject
Project("{FAE04EC0-301F-11D3-BF4B-00C04F79EFBC}") = "SimpleAgent", "src\SimpleAgent\SimpleAgent.csproj", "{9BABDB0B-23AB-4211-BEA0-71283BFFB397}"
EndProject
Global
	GlobalSection(SolutionConfigurationPlatforms) = preSolution
		Debug|Any CPU = Debug|Any CPU
		Release|Any CPU = Release|Any CPU
	EndGlobalSection
	GlobalSection(ProjectConfigurationPlatforms) = postSolution
		{9BABDB0B-23AB-4211-BEA0-71283BFFB397}.Debug|Any CPU.ActiveCfg = Debug|Any CPU
		{9BABDB0B-23AB-4211-BEA0-71283BFFB397}.Debug|Any CPU.Build.0 = Debug|Any CPU
		{9BABDB0B-23AB-4211-BEA0-71283BFFB397}.Release|Any CPU.ActiveCfg = Release|Any CPU
		{9BABDB0B-23AB-4211-BEA0-71283BFFB397}.Release|Any CPU.Build.0 = Release|Any CPU
	EndGlobalSection
	GlobalSection(SolutionProperties) = preSolution
		HideSolutionNode = FALSE
	EndGlobalSection
	GlobalSection(NestedProjects) = preSolution
		{9BABDB0B-23AB-4211-BEA0-71283BFFB397} = {561AA08E-100F-48DB-A9AE-62CBE5C8C8E9}
	EndGlobalSection
	GlobalSection(ExtensibilityGlobals) = postSolution
		SolutionGuid = {CC994796-557B-42D3-891D-B94D6F6363BC}
	EndGlobalSection
EndGlobal
