
Microsoft Visual Studio Solution File, Format Version 12.00
# Visual Studio Version 16
VisualStudioVersion = 16.0.31313.79
MinimumVisualStudioVersion = 10.0.40219.1
Project("{2150E333-8FDC-42A3-9474-1A3956D46DE8}") = "src", "src", "{177DF5E9-4645-4A7D-8988-111DAEAE825D}"
EndProject
Project("{FAE04EC0-301F-11D3-BF4B-00C04F79EFBC}") = "Alice", "src\Alice\Alice.csproj", "{E883F79F-001B-45A4-A9D3-881FF1746F79}"
EndProject
Project("{FAE04EC0-301F-11D3-BF4B-00C04F79EFBC}") = "Bob", "src\Bob\Bob.csproj", "{C7EAA8D2-234C-4519-9056-93E03894A0F0}"
EndProject
Project("{9A19103F-16F7-4668-BE54-9A1E7A4F7556}") = "Perper.WebJobs.Extensions", "..\..\functions\runtime\src\Perper.WebJobs.Extensions\Perper.WebJobs.Extensions.csproj", "{1F470F1D-17B6-457C-92BB-B5B271A3ACED}"
EndProject
Global
	GlobalSection(SolutionConfigurationPlatforms) = preSolution
		Debug|Any CPU = Debug|Any CPU
		Release|Any CPU = Release|Any CPU
	EndGlobalSection
	GlobalSection(ProjectConfigurationPlatforms) = postSolution
		{E883F79F-001B-45A4-A9D3-881FF1746F79}.Debug|Any CPU.ActiveCfg = Debug|Any CPU
		{E883F79F-001B-45A4-A9D3-881FF1746F79}.Debug|Any CPU.Build.0 = Debug|Any CPU
		{E883F79F-001B-45A4-A9D3-881FF1746F79}.Release|Any CPU.ActiveCfg = Release|Any CPU
		{E883F79F-001B-45A4-A9D3-881FF1746F79}.Release|Any CPU.Build.0 = Release|Any CPU
		{C7EAA8D2-234C-4519-9056-93E03894A0F0}.Debug|Any CPU.ActiveCfg = Debug|Any CPU
		{C7EAA8D2-234C-4519-9056-93E03894A0F0}.Debug|Any CPU.Build.0 = Debug|Any CPU
		{C7EAA8D2-234C-4519-9056-93E03894A0F0}.Release|Any CPU.ActiveCfg = Release|Any CPU
		{C7EAA8D2-234C-4519-9056-93E03894A0F0}.Release|Any CPU.Build.0 = Release|Any CPU
		{1F470F1D-17B6-457C-92BB-B5B271A3ACED}.Debug|Any CPU.ActiveCfg = Debug|Any CPU
		{1F470F1D-17B6-457C-92BB-B5B271A3ACED}.Debug|Any CPU.Build.0 = Debug|Any CPU
		{1F470F1D-17B6-457C-92BB-B5B271A3ACED}.Release|Any CPU.ActiveCfg = Release|Any CPU
		{1F470F1D-17B6-457C-92BB-B5B271A3ACED}.Release|Any CPU.Build.0 = Release|Any CPU
	EndGlobalSection
	GlobalSection(SolutionProperties) = preSolution
		HideSolutionNode = FALSE
	EndGlobalSection
	GlobalSection(NestedProjects) = preSolution
		{E883F79F-001B-45A4-A9D3-881FF1746F79} = {177DF5E9-4645-4A7D-8988-111DAEAE825D}
		{C7EAA8D2-234C-4519-9056-93E03894A0F0} = {177DF5E9-4645-4A7D-8988-111DAEAE825D}
	EndGlobalSection
	GlobalSection(ExtensibilityGlobals) = postSolution
		SolutionGuid = {0E497321-8F18-458F-88E1-2C2AF584296A}
	EndGlobalSection
EndGlobal
