{
  "name": "perperfunction",
  "version": "1.0.0",
  "lockfileVersion": 1,
  "requires": true,
  "dependencies": {
    "perper": {
      "version": "file:../../../functions/node",
      "requires": {
        "@grpc/grpc-js": "^1.2.11",
        "@grpc/proto-loader": "^0.5.6",
        "apache-ignite-client": "^1.0.0",
        "google-protobuf": "^3.15.6",
        "long": "^4.0.0",
        "uuid": "^8.3.2"
      }
    }
  }
}
