
Microsoft Visual Studio Solution File, Format Version 12.00
# Visual Studio Version 16
VisualStudioVersion = 16.0.31105.61
MinimumVisualStudioVersion = 10.0.40219.1
Project("{2150E333-8FDC-42A3-9474-1A3956D46DE8}") = "src", "src", "{0C1B132E-1677-46B6-9EF5-B306558045E8}"
EndProject
Project("{9A19103F-16F7-4668-BE54-9A1E7A4F7556}") = "Perper.WebJobs.Extensions", "functions\runtime\src\Perper.WebJobs.Extensions\Perper.WebJobs.Extensions.csproj", "{9D6B115C-3B6D-4E41-92B0-69AE3EB7926C}"
EndProject
Project("{2150E333-8FDC-42A3-9474-1A3956D46DE8}") = "samples", "samples", "{5EB01B9B-538D-4FC8-8FBC-90409087ED75}"
EndProject
Project("{9A19103F-16F7-4668-BE54-9A1E7A4F7556}") = "DotNet.FunctionApp", "samples\DotNet.FunctionApp\DotNet.FunctionApp.csproj", "{76B3F8CB-9BB7-43F1-84E4-B421E76E7EDF}"
EndProject
Project("{9A19103F-16F7-4668-BE54-9A1E7A4F7556}") = "Python.FunctionApp", "samples\Python.FunctionApp\Python.FunctionApp.csproj", "{7328F9E0-43BC-4DAE-BCCD-9E6D7D5ECBE2}"
EndProject
Project("{2150E333-8FDC-42A3-9474-1A3956D46DE8}") = "structure", "structure", "{4EFF2890-070B-4232-9240-6C824AFD0A7A}"
EndProject
Project("{9A19103F-16F7-4668-BE54-9A1E7A4F7556}") = "Structure", "samples\structure\Structure.FunctionApp\src\Structure.csproj", "{10B60903-4AC8-48DA-A81F-C7C8E883EF16}"
EndProject
Project("{2150E333-8FDC-42A3-9474-1A3956D46DE8}") = "agent-ping", "agent-ping", "{39309781-5B47-4401-8AC7-3087E7FC523A}"
EndProject
Project("{2150E333-8FDC-42A3-9474-1A3956D46DE8}") = "agent-pong", "agent-pong", "{3A5CF177-6624-4254-9C7B-DBB34DBC7C38}"
EndProject
Project("{9A19103F-16F7-4668-BE54-9A1E7A4F7556}") = "AgentPing", "samples\structure\Structure.FunctionApp\modules\agent-ping\src\AgentPing.csproj", "{0125CF8D-4E71-4E78-B70A-2BB87572F85E}"
EndProject
Project("{9A19103F-16F7-4668-BE54-9A1E7A4F7556}") = "AgentPong", "samples\structure\Structure.FunctionApp\modules\agent-pong\src\AgentPong.csproj", "{6990B408-AF95-4339-95DE-A21254290187}"
EndProject
Project("{2150E333-8FDC-42A3-9474-1A3956D46DE8}") = "benchmarks", "benchmarks", "{EE3DCED0-30E2-4E5D-9407-7F057AFDE5CA}"
EndProject
Project("{9A19103F-16F7-4668-BE54-9A1E7A4F7556}") = "Messaging.FunctionApp", "samples\benchmarks\Messaging.FunctionApp\Messaging.FunctionApp.csproj", "{F3188C2F-294E-4B1A-82D0-FD93AED0A717}"
EndProject
Project("{9A19103F-16F7-4668-BE54-9A1E7A4F7556}") = "Custom.FunctionApp", "samples\Custom.FunctionApp\Custom.FunctionApp.csproj", "{A959640D-0218-4851-AA5F-649250C92688}"
EndProject
Project("{FAE04EC0-301F-11D3-BF4B-00C04F79EFBC}") = "ConsoleApp1", "samples\ConsoleApp1\ConsoleApp1.csproj", "{42D874EF-8467-4276-8F69-0FFE2C4D5837}"
EndProject
Project("{2150E333-8FDC-42A3-9474-1A3956D46DE8}") = "simple-agent-azure-functions", "simple-agent-azure-functions", "{57371717-4EA6-4E88-8C96-3CC486E4EB10}"
EndProject
Project("{2150E333-8FDC-42A3-9474-1A3956D46DE8}") = "src", "src", "{E8B2046D-1D11-4AE3-8C65-761E3EC0F8FA}"
EndProject
Project("{2150E333-8FDC-42A3-9474-1A3956D46DE8}") = "tests", "tests", "{2724D8E7-2306-4DDD-9ECF-36504B7F9A7B}"
EndProject
Project("{2150E333-8FDC-42A3-9474-1A3956D46DE8}") = "simple-agent-perper-context", "simple-agent-perper-context", "{780EA5EB-881B-4ED3-9D74-E40CCDB93FFD}"
EndProject
Project("{2150E333-8FDC-42A3-9474-1A3956D46DE8}") = "src", "src", "{56E59C54-E3A7-483E-A9B1-22528BD1D499}"
EndProject
Project("{9A19103F-16F7-4668-BE54-9A1E7A4F7556}") = "SimpleAgent", "samples\simple-agent-azure-functions\src\SimpleAgent\SimpleAgent.csproj", "{AF3E4C29-A47B-4D22-B7A7-31EAE9BEAFC5}"
EndProject
Project("{9A19103F-16F7-4668-BE54-9A1E7A4F7556}") = "SimpleAgent.UnitTests", "samples\simple-agent-azure-functions\tests\SimpleAgent.UnitTests\SimpleAgent.UnitTests.csproj", "{4EB2FAB2-5712-40EB-8001-D9A8F2C6E760}"
EndProject
Project("{FAE04EC0-301F-11D3-BF4B-00C04F79EFBC}") = "SimpleAgent", "samples\simple-agent-perper-context\src\SimpleAgent\SimpleAgent.csproj", "{9BABDB0B-23AB-4211-BEA0-71283BFFB397}"
EndProject
Global
	GlobalSection(SolutionConfigurationPlatforms) = preSolution
		Debug|Any CPU = Debug|Any CPU
		Release|Any CPU = Release|Any CPU
	EndGlobalSection
	GlobalSection(ProjectConfigurationPlatforms) = postSolution
		{9D6B115C-3B6D-4E41-92B0-69AE3EB7926C}.Debug|Any CPU.ActiveCfg = Debug|Any CPU
		{9D6B115C-3B6D-4E41-92B0-69AE3EB7926C}.Debug|Any CPU.Build.0 = Debug|Any CPU
		{9D6B115C-3B6D-4E41-92B0-69AE3EB7926C}.Release|Any CPU.ActiveCfg = Release|Any CPU
		{9D6B115C-3B6D-4E41-92B0-69AE3EB7926C}.Release|Any CPU.Build.0 = Release|Any CPU
		{76B3F8CB-9BB7-43F1-84E4-B421E76E7EDF}.Debug|Any CPU.ActiveCfg = Debug|Any CPU
		{76B3F8CB-9BB7-43F1-84E4-B421E76E7EDF}.Debug|Any CPU.Build.0 = Debug|Any CPU
		{76B3F8CB-9BB7-43F1-84E4-B421E76E7EDF}.Release|Any CPU.ActiveCfg = Release|Any CPU
		{76B3F8CB-9BB7-43F1-84E4-B421E76E7EDF}.Release|Any CPU.Build.0 = Release|Any CPU
		{7328F9E0-43BC-4DAE-BCCD-9E6D7D5ECBE2}.Debug|Any CPU.ActiveCfg = Debug|Any CPU
		{7328F9E0-43BC-4DAE-BCCD-9E6D7D5ECBE2}.Debug|Any CPU.Build.0 = Debug|Any CPU
		{7328F9E0-43BC-4DAE-BCCD-9E6D7D5ECBE2}.Release|Any CPU.ActiveCfg = Release|Any CPU
		{7328F9E0-43BC-4DAE-BCCD-9E6D7D5ECBE2}.Release|Any CPU.Build.0 = Release|Any CPU
		{10B60903-4AC8-48DA-A81F-C7C8E883EF16}.Debug|Any CPU.ActiveCfg = Debug|Any CPU
		{10B60903-4AC8-48DA-A81F-C7C8E883EF16}.Debug|Any CPU.Build.0 = Debug|Any CPU
		{10B60903-4AC8-48DA-A81F-C7C8E883EF16}.Release|Any CPU.ActiveCfg = Release|Any CPU
		{10B60903-4AC8-48DA-A81F-C7C8E883EF16}.Release|Any CPU.Build.0 = Release|Any CPU
		{0125CF8D-4E71-4E78-B70A-2BB87572F85E}.Debug|Any CPU.ActiveCfg = Debug|Any CPU
		{0125CF8D-4E71-4E78-B70A-2BB87572F85E}.Debug|Any CPU.Build.0 = Debug|Any CPU
		{0125CF8D-4E71-4E78-B70A-2BB87572F85E}.Release|Any CPU.ActiveCfg = Release|Any CPU
		{0125CF8D-4E71-4E78-B70A-2BB87572F85E}.Release|Any CPU.Build.0 = Release|Any CPU
		{6990B408-AF95-4339-95DE-A21254290187}.Debug|Any CPU.ActiveCfg = Debug|Any CPU
		{6990B408-AF95-4339-95DE-A21254290187}.Debug|Any CPU.Build.0 = Debug|Any CPU
		{6990B408-AF95-4339-95DE-A21254290187}.Release|Any CPU.ActiveCfg = Release|Any CPU
		{6990B408-AF95-4339-95DE-A21254290187}.Release|Any CPU.Build.0 = Release|Any CPU
		{F3188C2F-294E-4B1A-82D0-FD93AED0A717}.Debug|Any CPU.ActiveCfg = Debug|Any CPU
		{F3188C2F-294E-4B1A-82D0-FD93AED0A717}.Debug|Any CPU.Build.0 = Debug|Any CPU
		{F3188C2F-294E-4B1A-82D0-FD93AED0A717}.Release|Any CPU.ActiveCfg = Release|Any CPU
		{F3188C2F-294E-4B1A-82D0-FD93AED0A717}.Release|Any CPU.Build.0 = Release|Any CPU
		{A959640D-0218-4851-AA5F-649250C92688}.Debug|Any CPU.ActiveCfg = Debug|Any CPU
		{A959640D-0218-4851-AA5F-649250C92688}.Debug|Any CPU.Build.0 = Debug|Any CPU
		{A959640D-0218-4851-AA5F-649250C92688}.Release|Any CPU.ActiveCfg = Release|Any CPU
		{A959640D-0218-4851-AA5F-649250C92688}.Release|Any CPU.Build.0 = Release|Any CPU
		{42D874EF-8467-4276-8F69-0FFE2C4D5837}.Debug|Any CPU.ActiveCfg = Debug|Any CPU
		{42D874EF-8467-4276-8F69-0FFE2C4D5837}.Debug|Any CPU.Build.0 = Debug|Any CPU
		{42D874EF-8467-4276-8F69-0FFE2C4D5837}.Release|Any CPU.ActiveCfg = Release|Any CPU
		{42D874EF-8467-4276-8F69-0FFE2C4D5837}.Release|Any CPU.Build.0 = Release|Any CPU
		{AF3E4C29-A47B-4D22-B7A7-31EAE9BEAFC5}.Debug|Any CPU.ActiveCfg = Debug|Any CPU
		{AF3E4C29-A47B-4D22-B7A7-31EAE9BEAFC5}.Debug|Any CPU.Build.0 = Debug|Any CPU
		{AF3E4C29-A47B-4D22-B7A7-31EAE9BEAFC5}.Release|Any CPU.ActiveCfg = Release|Any CPU
		{AF3E4C29-A47B-4D22-B7A7-31EAE9BEAFC5}.Release|Any CPU.Build.0 = Release|Any CPU
		{4EB2FAB2-5712-40EB-8001-D9A8F2C6E760}.Debug|Any CPU.ActiveCfg = Debug|Any CPU
		{4EB2FAB2-5712-40EB-8001-D9A8F2C6E760}.Debug|Any CPU.Build.0 = Debug|Any CPU
		{4EB2FAB2-5712-40EB-8001-D9A8F2C6E760}.Release|Any CPU.ActiveCfg = Release|Any CPU
		{4EB2FAB2-5712-40EB-8001-D9A8F2C6E760}.Release|Any CPU.Build.0 = Release|Any CPU
		{9BABDB0B-23AB-4211-BEA0-71283BFFB397}.Debug|Any CPU.ActiveCfg = Debug|Any CPU
		{9BABDB0B-23AB-4211-BEA0-71283BFFB397}.Debug|Any CPU.Build.0 = Debug|Any CPU
		{9BABDB0B-23AB-4211-BEA0-71283BFFB397}.Release|Any CPU.ActiveCfg = Release|Any CPU
		{9BABDB0B-23AB-4211-BEA0-71283BFFB397}.Release|Any CPU.Build.0 = Release|Any CPU
	EndGlobalSection
	GlobalSection(SolutionProperties) = preSolution
		HideSolutionNode = FALSE
	EndGlobalSection
	GlobalSection(NestedProjects) = preSolution
		{9D6B115C-3B6D-4E41-92B0-69AE3EB7926C} = {0C1B132E-1677-46B6-9EF5-B306558045E8}
		{76B3F8CB-9BB7-43F1-84E4-B421E76E7EDF} = {5EB01B9B-538D-4FC8-8FBC-90409087ED75}
		{7328F9E0-43BC-4DAE-BCCD-9E6D7D5ECBE2} = {5EB01B9B-538D-4FC8-8FBC-90409087ED75}
		{4EFF2890-070B-4232-9240-6C824AFD0A7A} = {5EB01B9B-538D-4FC8-8FBC-90409087ED75}
		{10B60903-4AC8-48DA-A81F-C7C8E883EF16} = {4EFF2890-070B-4232-9240-6C824AFD0A7A}
		{39309781-5B47-4401-8AC7-3087E7FC523A} = {4EFF2890-070B-4232-9240-6C824AFD0A7A}
		{3A5CF177-6624-4254-9C7B-DBB34DBC7C38} = {4EFF2890-070B-4232-9240-6C824AFD0A7A}
		{0125CF8D-4E71-4E78-B70A-2BB87572F85E} = {39309781-5B47-4401-8AC7-3087E7FC523A}
		{6990B408-AF95-4339-95DE-A21254290187} = {3A5CF177-6624-4254-9C7B-DBB34DBC7C38}
		{EE3DCED0-30E2-4E5D-9407-7F057AFDE5CA} = {5EB01B9B-538D-4FC8-8FBC-90409087ED75}
		{F3188C2F-294E-4B1A-82D0-FD93AED0A717} = {EE3DCED0-30E2-4E5D-9407-7F057AFDE5CA}
		{A959640D-0218-4851-AA5F-649250C92688} = {5EB01B9B-538D-4FC8-8FBC-90409087ED75}
		{42D874EF-8467-4276-8F69-0FFE2C4D5837} = {4EFF2890-070B-4232-9240-6C824AFD0A7A}
		{57371717-4EA6-4E88-8C96-3CC486E4EB10} = {5EB01B9B-538D-4FC8-8FBC-90409087ED75}
		{E8B2046D-1D11-4AE3-8C65-761E3EC0F8FA} = {57371717-4EA6-4E88-8C96-3CC486E4EB10}
		{2724D8E7-2306-4DDD-9ECF-36504B7F9A7B} = {57371717-4EA6-4E88-8C96-3CC486E4EB10}
		{780EA5EB-881B-4ED3-9D74-E40CCDB93FFD} = {5EB01B9B-538D-4FC8-8FBC-90409087ED75}
		{56E59C54-E3A7-483E-A9B1-22528BD1D499} = {780EA5EB-881B-4ED3-9D74-E40CCDB93FFD}
		{AF3E4C29-A47B-4D22-B7A7-31EAE9BEAFC5} = {E8B2046D-1D11-4AE3-8C65-761E3EC0F8FA}
		{4EB2FAB2-5712-40EB-8001-D9A8F2C6E760} = {2724D8E7-2306-4DDD-9ECF-36504B7F9A7B}
		{9BABDB0B-23AB-4211-BEA0-71283BFFB397} = {56E59C54-E3A7-483E-A9B1-22528BD1D499}
	EndGlobalSection
	GlobalSection(ExtensibilityGlobals) = postSolution
		SolutionGuid = {A22B7103-08F7-4159-B4F9-076375D08D7A}
	EndGlobalSection
EndGlobal
