
Microsoft Visual Studio Solution File, Format Version 12.00
#
Project("{2150E333-8FDC-42A3-9474-1A3956D46DE8}") = "src", "functions\runtime\src", "{0C1B132E-1677-46B6-9EF5-B306558045E8}"
EndProject
Project("{FAE04EC0-301F-11D3-BF4B-00C04F79EFBC}") = "Perper.WebJobs.Extensions", "functions\runtime\src\Perper.WebJobs.Extensions\Perper.WebJobs.Extensions.csproj", "{9D6B115C-3B6D-4E41-92B0-69AE3EB7926C}"
EndProject
Project("{2150E333-8FDC-42A3-9474-1A3956D46DE8}") = "samples", "samples", "{5EB01B9B-538D-4FC8-8FBC-90409087ED75}"
EndProject
Project("{FAE04EC0-301F-11D3-BF4B-00C04F79EFBC}") = "DotNet.FunctionApp", "samples\DotNet.FunctionApp\DotNet.FunctionApp.csproj", "{76B3F8CB-9BB7-43F1-84E4-B421E76E7EDF}"
EndProject
Project("{FAE04EC0-301F-11D3-BF4B-00C04F79EFBC}") = "Python.FunctionApp", "samples\Python.FunctionApp\Python.FunctionApp.csproj", "{7328F9E0-43BC-4DAE-BCCD-9E6D7D5ECBE2}"
EndProject
Project("{2150E333-8FDC-42A3-9474-1A3956D46DE8}") = "structure", "samples\structure", "{4EFF2890-070B-4232-9240-6C824AFD0A7A}"
EndProject
Project("{FAE04EC0-301F-11D3-BF4B-00C04F79EFBC}") = "Structure", "samples\structure\Structure.FunctionApp\src\Structure.csproj", "{10B60903-4AC8-48DA-A81F-C7C8E883EF16}"
EndProject
Project("{2150E333-8FDC-42A3-9474-1A3956D46DE8}") = "agent-ping", "agent-ping", "{39309781-5B47-4401-8AC7-3087E7FC523A}"
EndProject
Project("{2150E333-8FDC-42A3-9474-1A3956D46DE8}") = "agent-pong", "agent-pong", "{3A5CF177-6624-4254-9C7B-DBB34DBC7C38}"
EndProject
Project("{FAE04EC0-301F-11D3-BF4B-00C04F79EFBC}") = "AgentPing", "samples\structure\Structure.FunctionApp\modules\agent-ping\src\AgentPing.csproj", "{0125CF8D-4E71-4E78-B70A-2BB87572F85E}"
EndProject
Project("{FAE04EC0-301F-11D3-BF4B-00C04F79EFBC}") = "AgentPong", "samples\structure\Structure.FunctionApp\modules\agent-pong\src\AgentPong.csproj", "{6990B408-AF95-4339-95DE-A21254290187}"
EndProject
Project("{2150E333-8FDC-42A3-9474-1A3956D46DE8}") = "benchmarks", "benchmarks", "{EE3DCED0-30E2-4E5D-9407-7F057AFDE5CA}"
EndProject
Project("{FAE04EC0-301F-11D3-BF4B-00C04F79EFBC}") = "Messaging.FunctionApp", "samples\benchmarks\Messaging.FunctionApp\Messaging.FunctionApp.csproj", "{F3188C2F-294E-4B1A-82D0-FD93AED0A717}"
EndProject
Project("{FAE04EC0-301F-11D3-BF4B-00C04F79EFBC}") = "Custom.FunctionApp", "samples\Custom.FunctionApp\Custom.FunctionApp.csproj", "{A959640D-0218-4851-AA5F-649250C92688}"
EndProject
Global
	GlobalSection(SolutionConfigurationPlatforms) = preSolution
		Debug|Any CPU = Debug|Any CPU
		Release|Any CPU = Release|Any CPU
	EndGlobalSection
	GlobalSection(NestedProjects) = preSolution
		{9D6B115C-3B6D-4E41-92B0-69AE3EB7926C} = {0C1B132E-1677-46B6-9EF5-B306558045E8}
		{76B3F8CB-9BB7-43F1-84E4-B421E76E7EDF} = {5EB01B9B-538D-4FC8-8FBC-90409087ED75}
		{7328F9E0-43BC-4DAE-BCCD-9E6D7D5ECBE2} = {5EB01B9B-538D-4FC8-8FBC-90409087ED75}
		{4EFF2890-070B-4232-9240-6C824AFD0A7A} = {5EB01B9B-538D-4FC8-8FBC-90409087ED75}
		{10B60903-4AC8-48DA-A81F-C7C8E883EF16} = {4EFF2890-070B-4232-9240-6C824AFD0A7A}
		{39309781-5B47-4401-8AC7-3087E7FC523A} = {4EFF2890-070B-4232-9240-6C824AFD0A7A}
		{3A5CF177-6624-4254-9C7B-DBB34DBC7C38} = {4EFF2890-070B-4232-9240-6C824AFD0A7A}
		{0125CF8D-4E71-4E78-B70A-2BB87572F85E} = {39309781-5B47-4401-8AC7-3087E7FC523A}
		{6990B408-AF95-4339-95DE-A21254290187} = {3A5CF177-6624-4254-9C7B-DBB34DBC7C38}
		{EE3DCED0-30E2-4E5D-9407-7F057AFDE5CA} = {5EB01B9B-538D-4FC8-8FBC-90409087ED75}
		{F3188C2F-294E-4B1A-82D0-FD93AED0A717} = {EE3DCED0-30E2-4E5D-9407-7F057AFDE5CA}
		{A959640D-0218-4851-AA5F-649250C92688} = {5EB01B9B-538D-4FC8-8FBC-90409087ED75}
	EndGlobalSection
	GlobalSection(ProjectConfigurationPlatforms) = postSolution
		{9D6B115C-3B6D-4E41-92B0-69AE3EB7926C}.Debug|Any CPU.ActiveCfg = Debug|Any CPU
		{9D6B115C-3B6D-4E41-92B0-69AE3EB7926C}.Debug|Any CPU.Build.0 = Debug|Any CPU
		{9D6B115C-3B6D-4E41-92B0-69AE3EB7926C}.Release|Any CPU.ActiveCfg = Release|Any CPU
		{9D6B115C-3B6D-4E41-92B0-69AE3EB7926C}.Release|Any CPU.Build.0 = Release|Any CPU
		{76B3F8CB-9BB7-43F1-84E4-B421E76E7EDF}.Debug|Any CPU.ActiveCfg = Debug|Any CPU
		{76B3F8CB-9BB7-43F1-84E4-B421E76E7EDF}.Debug|Any CPU.Build.0 = Debug|Any CPU
		{76B3F8CB-9BB7-43F1-84E4-B421E76E7EDF}.Release|Any CPU.ActiveCfg = Release|Any CPU
		{76B3F8CB-9BB7-43F1-84E4-B421E76E7EDF}.Release|Any CPU.Build.0 = Release|Any CPU
		{7328F9E0-43BC-4DAE-BCCD-9E6D7D5ECBE2}.Debug|Any CPU.ActiveCfg = Debug|Any CPU
		{7328F9E0-43BC-4DAE-BCCD-9E6D7D5ECBE2}.Debug|Any CPU.Build.0 = Debug|Any CPU
		{7328F9E0-43BC-4DAE-BCCD-9E6D7D5ECBE2}.Release|Any CPU.ActiveCfg = Release|Any CPU
		{7328F9E0-43BC-4DAE-BCCD-9E6D7D5ECBE2}.Release|Any CPU.Build.0 = Release|Any CPU
		{10B60903-4AC8-48DA-A81F-C7C8E883EF16}.Debug|Any CPU.ActiveCfg = Debug|Any CPU
		{10B60903-4AC8-48DA-A81F-C7C8E883EF16}.Debug|Any CPU.Build.0 = Debug|Any CPU
		{10B60903-4AC8-48DA-A81F-C7C8E883EF16}.Release|Any CPU.ActiveCfg = Release|Any CPU
		{10B60903-4AC8-48DA-A81F-C7C8E883EF16}.Release|Any CPU.Build.0 = Release|Any CPU
		{0125CF8D-4E71-4E78-B70A-2BB87572F85E}.Debug|Any CPU.ActiveCfg = Debug|Any CPU
		{0125CF8D-4E71-4E78-B70A-2BB87572F85E}.Debug|Any CPU.Build.0 = Debug|Any CPU
		{0125CF8D-4E71-4E78-B70A-2BB87572F85E}.Release|Any CPU.ActiveCfg = Release|Any CPU
		{0125CF8D-4E71-4E78-B70A-2BB87572F85E}.Release|Any CPU.Build.0 = Release|Any CPU
		{6990B408-AF95-4339-95DE-A21254290187}.Debug|Any CPU.ActiveCfg = Debug|Any CPU
		{6990B408-AF95-4339-95DE-A21254290187}.Debug|Any CPU.Build.0 = Debug|Any CPU
		{6990B408-AF95-4339-95DE-A21254290187}.Release|Any CPU.ActiveCfg = Release|Any CPU
		{6990B408-AF95-4339-95DE-A21254290187}.Release|Any CPU.Build.0 = Release|Any CPU
		{F3188C2F-294E-4B1A-82D0-FD93AED0A717}.Debug|Any CPU.ActiveCfg = Debug|Any CPU
		{F3188C2F-294E-4B1A-82D0-FD93AED0A717}.Debug|Any CPU.Build.0 = Debug|Any CPU
		{F3188C2F-294E-4B1A-82D0-FD93AED0A717}.Release|Any CPU.ActiveCfg = Release|Any CPU
		{F3188C2F-294E-4B1A-82D0-FD93AED0A717}.Release|Any CPU.Build.0 = Release|Any CPU
		{A959640D-0218-4851-AA5F-649250C92688}.Debug|Any CPU.ActiveCfg = Debug|Any CPU
		{A959640D-0218-4851-AA5F-649250C92688}.Debug|Any CPU.Build.0 = Debug|Any CPU
		{A959640D-0218-4851-AA5F-649250C92688}.Release|Any CPU.ActiveCfg = Release|Any CPU
		{A959640D-0218-4851-AA5F-649250C92688}.Release|Any CPU.Build.0 = Release|Any CPU
	EndGlobalSection
EndGlobal
