
Microsoft Visual Studio Solution File, Format Version 12.00
# Visual Studio Version 16
VisualStudioVersion = 16.0.31105.61
MinimumVisualStudioVersion = 10.0.40219.1
Project("{2150E333-8FDC-42A3-9474-1A3956D46DE8}") = "src", "src", "{BC31D8E7-0801-4EF5-9EB2-9D2F31E5D176}"
EndProject
Project("{2150E333-8FDC-42A3-9474-1A3956D46DE8}") = "tests", "tests", "{2B3D008E-6C2C-40E0-9FC4-BBED31BD069E}"
EndProject
Project("{9A19103F-16F7-4668-BE54-9A1E7A4F7556}") = "SimpleAgent", "src\SimpleAgent\SimpleAgent.csproj", "{6BE1E8C9-CC27-4D14-A3D4-4CBE7C0748BA}"
EndProject
Project("{9A19103F-16F7-4668-BE54-9A1E7A4F7556}") = "SimpleAgent.UnitTests", "tests\SimpleAgent.UnitTests\SimpleAgent.UnitTests.csproj", "{195FA5CB-9097-43CC-9AF7-17DE502912A7}"
EndProject
Global
	GlobalSection(SolutionConfigurationPlatforms) = preSolution
		Debug|Any CPU = Debug|Any CPU
		Release|Any CPU = Release|Any CPU
	EndGlobalSection
	GlobalSection(ProjectConfigurationPlatforms) = postSolution
		{6BE1E8C9-CC27-4D14-A3D4-4CBE7C0748BA}.Debug|Any CPU.ActiveCfg = Debug|Any CPU
		{6BE1E8C9-CC27-4D14-A3D4-4CBE7C0748BA}.Debug|Any CPU.Build.0 = Debug|Any CPU
		{6BE1E8C9-CC27-4D14-A3D4-4CBE7C0748BA}.Release|Any CPU.ActiveCfg = Release|Any CPU
		{6BE1E8C9-CC27-4D14-A3D4-4CBE7C0748BA}.Release|Any CPU.Build.0 = Release|Any CPU
		{195FA5CB-9097-43CC-9AF7-17DE502912A7}.Debug|Any CPU.ActiveCfg = Debug|Any CPU
		{195FA5CB-9097-43CC-9AF7-17DE502912A7}.Debug|Any CPU.Build.0 = Debug|Any CPU
		{195FA5CB-9097-43CC-9AF7-17DE502912A7}.Release|Any CPU.ActiveCfg = Release|Any CPU
		{195FA5CB-9097-43CC-9AF7-17DE502912A7}.Release|Any CPU.Build.0 = Release|Any CPU
	EndGlobalSection
	GlobalSection(SolutionProperties) = preSolution
		HideSolutionNode = FALSE
	EndGlobalSection
	GlobalSection(NestedProjects) = preSolution
		{6BE1E8C9-CC27-4D14-A3D4-4CBE7C0748BA} = {BC31D8E7-0801-4EF5-9EB2-9D2F31E5D176}
		{195FA5CB-9097-43CC-9AF7-17DE502912A7} = {2B3D008E-6C2C-40E0-9FC4-BBED31BD069E}
	EndGlobalSection
	GlobalSection(ExtensibilityGlobals) = postSolution
		SolutionGuid = {4AEA0315-7E6F-4A23-BC0E-21941F9D9678}
	EndGlobalSection
EndGlobal
