
Microsoft Visual Studio Solution File, Format Version 12.00
# Visual Studio Version 16
VisualStudioVersion = 16.0.31321.278
MinimumVisualStudioVersion = 10.0.40219.1
Project("{2150E333-8FDC-42A3-9474-1A3956D46DE8}") = "src", "src", "{384E1F8B-CA65-42C0-83B4-1E7D002A3A14}"
EndProject
Project("{9A19103F-16F7-4668-BE54-9A1E7A4F7556}") = "Perper.Model", "src\Perper.Model\Perper.Model.csproj", "{676EB48C-7BCD-422A-9DD1-981A9BE6AE97}"
EndProject
Project("{9A19103F-16F7-4668-BE54-9A1E7A4F7556}") = "Perper.Protocol", "src\Perper.Protocol\Perper.Protocol.csproj", "{5935E8F9-DBED-45D7-A36F-6FE31B87D2D9}"
EndProject
Project("{9A19103F-16F7-4668-BE54-9A1E7A4F7556}") = "SimpleAgent", "src\SimpleAgent\SimpleAgent.csproj", "{370B6DC5-2102-4490-8442-3AA20A422AE2}"
EndProject
Project("{9A19103F-16F7-4668-BE54-9A1E7A4F7556}") = "Perper.Application", "src\Perper.Application\Perper.Application.csproj", "{6563D087-16E9-4031-8AE3-3847B2107EC0}"
EndProject
Project("{2150E333-8FDC-42A3-9474-1A3956D46DE8}") = "Solution Items", "Solution Items", "{26E3FDDA-9AB4-4ADB-B0F5-8A8C6C91E9DD}"
	ProjectSection(SolutionItems) = preProject
		..\..\.editorconfig = ..\..\.editorconfig
	EndProjectSection
EndProject
Global
	GlobalSection(SolutionConfigurationPlatforms) = preSolution
		Debug|Any CPU = Debug|Any CPU
		Release|Any CPU = Release|Any CPU
	EndGlobalSection
	GlobalSection(ProjectConfigurationPlatforms) = postSolution
		{676EB48C-7BCD-422A-9DD1-981A9BE6AE97}.Debug|Any CPU.ActiveCfg = Debug|Any CPU
		{676EB48C-7BCD-422A-9DD1-981A9BE6AE97}.Debug|Any CPU.Build.0 = Debug|Any CPU
		{676EB48C-7BCD-422A-9DD1-981A9BE6AE97}.Release|Any CPU.ActiveCfg = Release|Any CPU
		{676EB48C-7BCD-422A-9DD1-981A9BE6AE97}.Release|Any CPU.Build.0 = Release|Any CPU
		{5935E8F9-DBED-45D7-A36F-6FE31B87D2D9}.Debug|Any CPU.ActiveCfg = Debug|Any CPU
		{5935E8F9-DBED-45D7-A36F-6FE31B87D2D9}.Debug|Any CPU.Build.0 = Debug|Any CPU
		{5935E8F9-DBED-45D7-A36F-6FE31B87D2D9}.Release|Any CPU.ActiveCfg = Release|Any CPU
		{5935E8F9-DBED-45D7-A36F-6FE31B87D2D9}.Release|Any CPU.Build.0 = Release|Any CPU
		{370B6DC5-2102-4490-8442-3AA20A422AE2}.Debug|Any CPU.ActiveCfg = Debug|Any CPU
		{370B6DC5-2102-4490-8442-3AA20A422AE2}.Debug|Any CPU.Build.0 = Debug|Any CPU
		{370B6DC5-2102-4490-8442-3AA20A422AE2}.Release|Any CPU.ActiveCfg = Release|Any CPU
		{370B6DC5-2102-4490-8442-3AA20A422AE2}.Release|Any CPU.Build.0 = Release|Any CPU
		{6563D087-16E9-4031-8AE3-3847B2107EC0}.Debug|Any CPU.ActiveCfg = Debug|Any CPU
		{6563D087-16E9-4031-8AE3-3847B2107EC0}.Debug|Any CPU.Build.0 = Debug|Any CPU
		{6563D087-16E9-4031-8AE3-3847B2107EC0}.Release|Any CPU.ActiveCfg = Release|Any CPU
		{6563D087-16E9-4031-8AE3-3847B2107EC0}.Release|Any CPU.Build.0 = Release|Any CPU
	EndGlobalSection
	GlobalSection(SolutionProperties) = preSolution
		HideSolutionNode = FALSE
	EndGlobalSection
	GlobalSection(NestedProjects) = preSolution
		{676EB48C-7BCD-422A-9DD1-981A9BE6AE97} = {384E1F8B-CA65-42C0-83B4-1E7D002A3A14}
		{5935E8F9-DBED-45D7-A36F-6FE31B87D2D9} = {384E1F8B-CA65-42C0-83B4-1E7D002A3A14}
		{370B6DC5-2102-4490-8442-3AA20A422AE2} = {384E1F8B-CA65-42C0-83B4-1E7D002A3A14}
		{6563D087-16E9-4031-8AE3-3847B2107EC0} = {384E1F8B-CA65-42C0-83B4-1E7D002A3A14}
	EndGlobalSection
	GlobalSection(ExtensibilityGlobals) = postSolution
		SolutionGuid = {7E949E8B-0EC2-4DFC-B593-ECD9454D5579}
	EndGlobalSection
EndGlobal
